Microsoft Visual Studio Solution File, Format Version 12.00
# Visual Studio Version 17
VisualStudioVersion = 17.13.35919.96
MinimumVisualStudioVersion = 10.0.40219.1
Project("{FAE04EC0-301F-11D3-BF4B-00C04F79EFBC}") = "SharpVision", "src\SharpVision\SharpVision.csproj", "{CC3EBA9F-67EA-127B-3316-B635DD6935AF}"
EndProject
Project("{FAE04EC0-301F-11D3-BF4B-00C04F79EFBC}") = "SharpVision.Drivers.Terminal", "src\SharpVision.Drivers.Terminal\SharpVision.Drivers.Terminal.csproj", "{BDCBE079-C102-F8A2-5627-D50BC4AC392B}"
EndProject
Project("{FAE04EC0-301F-11D3-BF4B-00C04F79EFBC}") = "SharpVision.Drivers.Console", "src\SharpVision.Drivers.Console\SharpVision.Drivers.Console.csproj", "{F1C045AA-ABEB-39E2-B96C-E5802A8A2555}"
EndProject
Project("{FAE04EC0-301F-11D3-BF4B-00C04F79EFBC}") = "SharpVision.Samples.TVEdit", "samples\SharpVision.Samples.TVEdit\SharpVision.Samples.TVEdit.csproj", "{FE2470E7-76A4-D41D-4B28-6915DDBEB0C4}"
EndProject
Project("{FAE04EC0-301F-11D3-BF4B-00C04F79EFBC}") = "SharpVision.Samples.Demo01", "samples\SharpVision.Samples.Demo01\SharpVision.Samples.Demo01.csproj", "{C7AB3399-CA8C-5BF2-CAB3-E4AE1CEBEC42}"
EndProject
Project("{2150E333-8FDC-42A3-9474-1A3956D46DE8}") = "Samples", "Samples", "{02EA681E-C7D8-13C7-8484-4AC65E1B71E8}"
EndProject
Project("{2150E333-8FDC-42A3-9474-1A3956D46DE8}") = "Drivers", "Drivers", "{7A6A4C40-15A2-4D4F-ACD9-9320C2614C5E}"
EndProject
Project("{FAE04EC0-301F-11D3-BF4B-00C04F79EFBC}") = "SharpVision.Samples.TVDemo", "samples\SharpVision.Samples.TVDemo\SharpVision.Samples.TVDemo.csproj", "{9A5835B5-C486-3D40-D082-2C82B683C6FA}"
EndProject
Project("{FAE04EC0-301F-11D3-BF4B-00C04F79EFBC}") = "SharpVision.Tests", "tests\SharpVision.Tests\SharpVision.Tests.csproj", "{04E1BD13-38B2-2FEB-C615-EF009D0216CB}"
EndProject
Project("{2150E333-8FDC-42A3-9474-1A3956D46DE8}") = "Tools", "Tools", "{99CAF43D-E274-4745-A154-26713F02F81D}"
EndProject
Project("{FAE04EC0-301F-11D3-BF4B-00C04F79EFBC}") = "SharpVision.HelpCompiler.Tests", "tests\SharpVision.HelpCompiler.Tests\SharpVision.HelpCompiler.Tests.csproj", "{30E7CF29-C193-962E-9590-A7BB45075F94}"
EndProject
Project("{FAE04EC0-301F-11D3-BF4B-00C04F79EFBC}") = "SharpVision.HelpCompiler", "tools\SharpVision.HelpCompiler\SharpVision.HelpCompiler.csproj", "{40ADF9C6-A7B1-761E-89C7-3F79A5E677D9}"
EndProject
Project("{FAE04EC0-301F-11D3-BF4B-00C04F79EFBC}") = "SharpVision.Drivers.Console.Tests", "tests\SharpVision.Drivers.Console.Tests\SharpVision.Drivers.Console.Tests.csproj", "{C3449894-B891-CB23-399A-AAB0ED7D2248}"
EndProject
Project("{FAE04EC0-301F-11D3-BF4B-00C04F79EFBC}") = "SharpVision.Drivers.Terminal.Tests", "tests\SharpVision.Drivers.Terminal.Tests\SharpVision.Drivers.Terminal.Tests.csproj", "{21C5AEF5-6BAD-E9D7-047F-C4B09C3EAB18}"
EndProject
Global
	GlobalSection(SolutionConfigurationPlatforms) = preSolution
		Debug|Any CPU = Debug|Any CPU
		Release|Any CPU = Release|Any CPU
	EndGlobalSection
	GlobalSection(ProjectConfigurationPlatforms) = postSolution
		{CC3EBA9F-67EA-127B-3316-B635DD6935AF}.Debug|Any CPU.ActiveCfg = Debug|Any CPU
		{CC3EBA9F-67EA-127B-3316-B635DD6935AF}.Debug|Any CPU.Build.0 = Debug|Any CPU
		{CC3EBA9F-67EA-127B-3316-B635DD6935AF}.Release|Any CPU.ActiveCfg = Release|Any CPU
		{CC3EBA9F-67EA-127B-3316-B635DD6935AF}.Release|Any CPU.Build.0 = Release|Any CPU
		{BDCBE079-C102-F8A2-5627-D50BC4AC392B}.Debug|Any CPU.ActiveCfg = Debug|Any CPU
		{BDCBE079-C102-F8A2-5627-D50BC4AC392B}.Debug|Any CPU.Build.0 = Debug|Any CPU
		{BDCBE079-C102-F8A2-5627-D50BC4AC392B}.Release|Any CPU.ActiveCfg = Release|Any CPU
		{BDCBE079-C102-F8A2-5627-D50BC4AC392B}.Release|Any CPU.Build.0 = Release|Any CPU
		{F1C045AA-ABEB-39E2-B96C-E5802A8A2555}.Debug|Any CPU.ActiveCfg = Debug|Any CPU
		{F1C045AA-ABEB-39E2-B96C-E5802A8A2555}.Debug|Any CPU.Build.0 = Debug|Any CPU
		{F1C045AA-ABEB-39E2-B96C-E5802A8A2555}.Release|Any CPU.ActiveCfg = Release|Any CPU
		{F1C045AA-ABEB-39E2-B96C-E5802A8A2555}.Release|Any CPU.Build.0 = Release|Any CPU
		{FE2470E7-76A4-D41D-4B28-6915DDBEB0C4}.Debug|Any CPU.ActiveCfg = Debug|Any CPU
		{FE2470E7-76A4-D41D-4B28-6915DDBEB0C4}.Debug|Any CPU.Build.0 = Debug|Any CPU
		{FE2470E7-76A4-D41D-4B28-6915DDBEB0C4}.Release|Any CPU.ActiveCfg = Release|Any CPU
		{FE2470E7-76A4-D41D-4B28-6915DDBEB0C4}.Release|Any CPU.Build.0 = Release|Any CPU
		{C7AB3399-CA8C-5BF2-CAB3-E4AE1CEBEC42}.Debug|Any CPU.ActiveCfg = Debug|Any CPU
		{C7AB3399-CA8C-5BF2-CAB3-E4AE1CEBEC42}.Debug|Any CPU.Build.0 = Debug|Any CPU
		{C7AB3399-CA8C-5BF2-CAB3-E4AE1CEBEC42}.Release|Any CPU.ActiveCfg = Release|Any CPU
		{C7AB3399-CA8C-5BF2-CAB3-E4AE1CEBEC42}.Release|Any CPU.Build.0 = Release|Any CPU
		{9A5835B5-C486-3D40-D082-2C82B683C6FA}.Debug|Any CPU.ActiveCfg = Debug|Any CPU
		{9A5835B5-C486-3D40-D082-2C82B683C6FA}.Debug|Any CPU.Build.0 = Debug|Any CPU
		{9A5835B5-C486-3D40-D082-2C82B683C6FA}.Release|Any CPU.ActiveCfg = Release|Any CPU
		{9A5835B5-C486-3D40-D082-2C82B683C6FA}.Release|Any CPU.Build.0 = Release|Any CPU
		{04E1BD13-38B2-2FEB-C615-EF009D0216CB}.Debug|Any CPU.ActiveCfg = Debug|Any CPU
		{04E1BD13-38B2-2FEB-C615-EF009D0216CB}.Debug|Any CPU.Build.0 = Debug|Any CPU
		{04E1BD13-38B2-2FEB-C615-EF009D0216CB}.Release|Any CPU.ActiveCfg = Release|Any CPU
		{04E1BD13-38B2-2FEB-C615-EF009D0216CB}.Release|Any CPU.Build.0 = Release|Any CPU
		{30E7CF29-C193-962E-9590-A7BB45075F94}.Debug|Any CPU.ActiveCfg = Debug|Any CPU
		{30E7CF29-C193-962E-9590-A7BB45075F94}.Debug|Any CPU.Build.0 = Debug|Any CPU
		{30E7CF29-C193-962E-9590-A7BB45075F94}.Release|Any CPU.ActiveCfg = Release|Any CPU
		{30E7CF29-C193-962E-9590-A7BB45075F94}.Release|Any CPU.Build.0 = Release|Any CPU
		{40ADF9C6-A7B1-761E-89C7-3F79A5E677D9}.Debug|Any CPU.ActiveCfg = Debug|Any CPU
		{40ADF9C6-A7B1-761E-89C7-3F79A5E677D9}.Debug|Any CPU.Build.0 = Debug|Any CPU
		{40ADF9C6-A7B1-761E-89C7-3F79A5E677D9}.Release|Any CPU.ActiveCfg = Release|Any CPU
		{40ADF9C6-A7B1-761E-89C7-3F79A5E677D9}.Release|Any CPU.Build.0 = Release|Any CPU
		{C3449894-B891-CB23-399A-AAB0ED7D2248}.Debug|Any CPU.ActiveCfg = Debug|Any CPU
		{C3449894-B891-CB23-399A-AAB0ED7D2248}.Debug|Any CPU.Build.0 = Debug|Any CPU
		{C3449894-B891-CB23-399A-AAB0ED7D2248}.Release|Any CPU.ActiveCfg = Release|Any CPU
		{C3449894-B891-CB23-399A-AAB0ED7D2248}.Release|Any CPU.Build.0 = Release|Any CPU
		{21C5AEF5-6BAD-E9D7-047F-C4B09C3EAB18}.Debug|Any CPU.ActiveCfg = Debug|Any CPU
		{21C5AEF5-6BAD-E9D7-047F-C4B09C3EAB18}.Debug|Any CPU.Build.0 = Debug|Any CPU
		{21C5AEF5-6BAD-E9D7-047F-C4B09C3EAB18}.Release|Any CPU.ActiveCfg = Release|Any CPU
		{21C5AEF5-6BAD-E9D7-047F-C4B09C3EAB18}.Release|Any CPU.Build.0 = Release|Any CPU
	EndGlobalSection
	GlobalSection(SolutionProperties) = preSolution
		HideSolutionNode = FALSE
	EndGlobalSection
	GlobalSection(NestedProjects) = preSolution
		{BDCBE079-C102-F8A2-5627-D50BC4AC392B} = {7A6A4C40-15A2-4D4F-ACD9-9320C2614C5E}
		{F1C045AA-ABEB-39E2-B96C-E5802A8A2555} = {7A6A4C40-15A2-4D4F-ACD9-9320C2614C5E}
		{FE2470E7-76A4-D41D-4B28-6915DDBEB0C4} = {02EA681E-C7D8-13C7-8484-4AC65E1B71E8}
		{C7AB3399-CA8C-5BF2-CAB3-E4AE1CEBEC42} = {02EA681E-C7D8-13C7-8484-4AC65E1B71E8}
		{9A5835B5-C486-3D40-D082-2C82B683C6FA} = {02EA681E-C7D8-13C7-8484-4AC65E1B71E8}
		{30E7CF29-C193-962E-9590-A7BB45075F94} = {99CAF43D-E274-4745-A154-26713F02F81D}
		{40ADF9C6-A7B1-761E-89C7-3F79A5E677D9} = {99CAF43D-E274-4745-A154-26713F02F81D}
		{C3449894-B891-CB23-399A-AAB0ED7D2248} = {7A6A4C40-15A2-4D4F-ACD9-9320C2614C5E}
		{21C5AEF5-6BAD-E9D7-047F-C4B09C3EAB18} = {7A6A4C40-15A2-4D4F-ACD9-9320C2614C5E}
	EndGlobalSection
	GlobalSection(ExtensibilityGlobals) = postSolution
		SolutionGuid = {C8A5F755-74BD-46AE-9FD1-0C918E2AEBD0}
	EndGlobalSection
EndGlobal
